
Microsoft Visual Studio Solution File, Format Version 12.00
# Visual Studio Version 17
VisualStudioVersion = 17.11.35222.181
MinimumVisualStudioVersion = 10.0.40219.1
Project("{FAE04EC0-301F-11D3-BF4B-00C04F79EFBC}") = "ECommerceApp", "ECommerceApp\ECommerceApp.csproj", "{DF8FCC2B-6163-4DD3-9D72-6E8CFB445F14}"
EndProject
Project("{FAE04EC0-301F-11D3-BF4B-00C04F79EFBC}") = "TestProject", "TestProject\TestProject.csproj", "{AA2926CC-C38D-4658-9C9F-B83D92ACA299}"
EndProject
Global
	GlobalSection(SolutionConfigurationPlatforms) = preSolution
		Debug|Any CPU = Debug|Any CPU
		Release|Any CPU = Release|Any CPU
	EndGlobalSection
	GlobalSection(ProjectConfigurationPlatforms) = postSolution
		{DF8FCC2B-6163-4DD3-9D72-6E8CFB445F14}.Debug|Any CPU.ActiveCfg = Debug|Any CPU
		{DF8FCC2B-6163-4DD3-9D72-6E8CFB445F14}.Debug|Any CPU.Build.0 = Debug|Any CPU
		{DF8FCC2B-6163-4DD3-9D72-6E8CFB445F14}.Release|Any CPU.ActiveCfg = Release|Any CPU
		{DF8FCC2B-6163-4DD3-9D72-6E8CFB445F14}.Release|Any CPU.Build.0 = Release|Any CPU
		{AA2926CC-C38D-4658-9C9F-B83D92ACA299}.Debug|Any CPU.ActiveCfg = Debug|Any CPU
		{AA2926CC-C38D-4658-9C9F-B83D92ACA299}.Debug|Any CPU.Build.0 = Debug|Any CPU
		{AA2926CC-C38D-4658-9C9F-B83D92ACA299}.Release|Any CPU.ActiveCfg = Release|Any CPU
		{AA2926CC-C38D-4658-9C9F-B83D92ACA299}.Release|Any CPU.Build.0 = Release|Any CPU
	EndGlobalSection
	GlobalSection(SolutionProperties) = preSolution
		HideSolutionNode = FALSE
	EndGlobalSection
	GlobalSection(ExtensibilityGlobals) = postSolution
		SolutionGuid = {D67A3B32-5274-44CF-B06F-7C3FDA074D47}
	EndGlobalSection
EndGlobal
